
Microsoft Visual Studio Solution File, Format Version 12.00
# Visual Studio Version 16
VisualStudioVersion = 16.0.31515.178
MinimumVisualStudioVersion = 10.0.40219.1
Project("{FAE04EC0-301F-11D3-BF4B-00C04F79EFBC}") = "WinFormsApp1", "WinFormsApp1\WinFormsApp1.csproj", "{FA34E740-2500-46B0-BC6A-AED96E8D91E3}"
EndProject
Global
	GlobalSection(SolutionConfigurationPlatforms) = preSolution
		Debug|Any CPU = Debug|Any CPU
		Release|Any CPU = Release|Any CPU
	EndGlobalSection
	GlobalSection(ProjectConfigurationPlatforms) = postSolution
		{FA34E740-2500-46B0-BC6A-AED96E8D91E3}.Debug|Any CPU.ActiveCfg = Debug|Any CPU
		{FA34E740-2500-46B0-BC6A-AED96E8D91E3}.Debug|Any CPU.Build.0 = Debug|Any CPU
		{FA34E740-2500-46B0-BC6A-AED96E8D91E3}.Release|Any CPU.ActiveCfg = Release|Any CPU
		{FA34E740-2500-46B0-BC6A-AED96E8D91E3}.Release|Any CPU.Build.0 = Release|Any CPU
	EndGlobalSection
	GlobalSection(SolutionProperties) = preSolution
		HideSolutionNode = FALSE
	EndGlobalSection
	GlobalSection(ExtensibilityGlobals) = postSolution
		SolutionGuid = {678951E0-08E5-4BD1-8B9D-C77EFC3123A0}
	EndGlobalSection
EndGlobal
